
Microsoft Visual Studio Solution File, Format Version 12.00
# Visual Studio Version 17
VisualStudioVersion = 17.10.35027.167
MinimumVisualStudioVersion = 10.0.40219.1
Project("{FAE04EC0-301F-11D3-BF4B-00C04F79EFBC}") = "Pratik - Linq", "Pratik - Linq\Pratik - Linq.csproj", "{15635719-66F8-4603-8C57-4A6BA1D5C47C}"
EndProject
Global
	GlobalSection(SolutionConfigurationPlatforms) = preSolution
		Debug|Any CPU = Debug|Any CPU
		Release|Any CPU = Release|Any CPU
	EndGlobalSection
	GlobalSection(ProjectConfigurationPlatforms) = postSolution
		{15635719-66F8-4603-8C57-4A6BA1D5C47C}.Debug|Any CPU.ActiveCfg = Debug|Any CPU
		{15635719-66F8-4603-8C57-4A6BA1D5C47C}.Debug|Any CPU.Build.0 = Debug|Any CPU
		{15635719-66F8-4603-8C57-4A6BA1D5C47C}.Release|Any CPU.ActiveCfg = Release|Any CPU
		{15635719-66F8-4603-8C57-4A6BA1D5C47C}.Release|Any CPU.Build.0 = Release|Any CPU
	EndGlobalSection
	GlobalSection(SolutionProperties) = preSolution
		HideSolutionNode = FALSE
	EndGlobalSection
	GlobalSection(ExtensibilityGlobals) = postSolution
		SolutionGuid = {1431F697-CB17-4AF1-8197-246ACCEEDB13}
	EndGlobalSection
EndGlobal
